
Microsoft Visual Studio Solution File, Format Version 12.00
# Visual Studio Version 17
VisualStudioVersion = 17.14.36429.23
MinimumVisualStudioVersion = 10.0.40219.1
Project("{2150E333-8FDC-42A3-9474-1A3956D46DE8}") = "API", "API", "{02EA681E-C7D8-13C7-8484-4AC65E1B71E8}"
EndProject
Project("{2150E333-8FDC-42A3-9474-1A3956D46DE8}") = "CORE", "CORE", "{7FBB1904-2092-40AE-873D-84BF37AB9483}"
EndProject
Project("{FAE04EC0-301F-11D3-BF4B-00C04F79EFBC}") = "SIGEBI.Domain", "SIGEBI.Domain\SIGEBI.Domain.csproj", "{B13F027D-5087-4799-983E-B471CBB0C821}"
EndProject
Project("{FAE04EC0-301F-11D3-BF4B-00C04F79EFBC}") = "SIGEBI.Application", "SIGEBI.Application\SIGEBI.Application.csproj", "{5B4605FF-938C-4EC2-BDD7-B8FAB1E642B2}"
EndProject
Project("{2150E333-8FDC-42A3-9474-1A3956D46DE8}") = "Presentacion", "Presentacion", "{AEAB60A3-9EE0-4CE2-873D-7BBE19D53F2B}"
EndProject
Project("{FAE04EC0-301F-11D3-BF4B-00C04F79EFBC}") = "SIGEBI.Web", "SIGEBI.Web\SIGEBI.Web.csproj", "{78496A68-2662-4D5B-8A2D-FE32F2E9578B}"
EndProject
Project("{2150E333-8FDC-42A3-9474-1A3956D46DE8}") = "Infraestructura", "Infraestructura", "{8268E5E9-854E-42BB-AB64-E803D6B6F182}"
EndProject
Project("{FAE04EC0-301F-11D3-BF4B-00C04F79EFBC}") = "SIGEBI.Persistence", "SIGEBI.Persistencia\SIGEBI.Persistence.csproj", "{5EA5CE15-A8AC-46EB-89C9-7495B4A5255F}"
EndProject
Project("{FAE04EC0-301F-11D3-BF4B-00C04F79EFBC}") = "SIGEBI.Infraestructure", "SIGEBI.Infraestructure\SIGEBI.Infraestructure.csproj", "{25ECCF48-451E-47E7-A6A7-701F1A321FB8}"
EndProject
Project("{2150E333-8FDC-42A3-9474-1A3956D46DE8}") = "Test", "Test", "{F3E5D052-2364-4D6A-AC29-C6F52ED55178}"
EndProject
Project("{FAE04EC0-301F-11D3-BF4B-00C04F79EFBC}") = "SIGEBI.Persistence.Test", "SIGEBI.Persistence.Test\SIGEBI.Persistence.Test.csproj", "{57DF02BC-A210-49F0-829B-0C4353066EAA}"
EndProject
Project("{FAE04EC0-301F-11D3-BF4B-00C04F79EFBC}") = "SIGEBI.Application.Test", "SIGEBI.Application.Test\SIGEBI.Application.Test.csproj", "{26B1D652-2F71-4C35-A157-E9E1F2506784}"
EndProject
Project("{FAE04EC0-301F-11D3-BF4B-00C04F79EFBC}") = "SIGEBI.Api.Test", "SIGEBI.Api.Test\SIGEBI.Api.Test.csproj", "{178F25BB-01FA-4ABC-BD92-26678450EE10}"
EndProject
Project("{2150E333-8FDC-42A3-9474-1A3956D46DE8}") = "IOC", "IOC", "{15B0ACDD-43C2-4374-A586-691DB1D79047}"
EndProject
Project("{FAE04EC0-301F-11D3-BF4B-00C04F79EFBC}") = "SIGEBI.Ioc", "SIGEBI.Ioc\SIGEBI.Ioc.csproj", "{BAAB14B2-65B3-48C4-A69B-9B66011D9D66}"
EndProject
Project("{FAE04EC0-301F-11D3-BF4B-00C04F79EFBC}") = "SIGEBI.Configuration.Api", "SIGEBI.Configuration.Api\SIGEBI.Configuration.Api.csproj", "{D2D38EC6-E40A-458E-8DAC-F9FA03486FA6}"
EndProject
Global
	GlobalSection(SolutionConfigurationPlatforms) = preSolution
		Debug|Any CPU = Debug|Any CPU
		Release|Any CPU = Release|Any CPU
	EndGlobalSection
	GlobalSection(ProjectConfigurationPlatforms) = postSolution
		{B13F027D-5087-4799-983E-B471CBB0C821}.Debug|Any CPU.ActiveCfg = Debug|Any CPU
		{B13F027D-5087-4799-983E-B471CBB0C821}.Debug|Any CPU.Build.0 = Debug|Any CPU
		{B13F027D-5087-4799-983E-B471CBB0C821}.Release|Any CPU.ActiveCfg = Release|Any CPU
		{B13F027D-5087-4799-983E-B471CBB0C821}.Release|Any CPU.Build.0 = Release|Any CPU
		{5B4605FF-938C-4EC2-BDD7-B8FAB1E642B2}.Debug|Any CPU.ActiveCfg = Debug|Any CPU
		{5B4605FF-938C-4EC2-BDD7-B8FAB1E642B2}.Debug|Any CPU.Build.0 = Debug|Any CPU
		{5B4605FF-938C-4EC2-BDD7-B8FAB1E642B2}.Release|Any CPU.ActiveCfg = Release|Any CPU
		{5B4605FF-938C-4EC2-BDD7-B8FAB1E642B2}.Release|Any CPU.Build.0 = Release|Any CPU
		{78496A68-2662-4D5B-8A2D-FE32F2E9578B}.Debug|Any CPU.ActiveCfg = Debug|Any CPU
		{78496A68-2662-4D5B-8A2D-FE32F2E9578B}.Debug|Any CPU.Build.0 = Debug|Any CPU
		{78496A68-2662-4D5B-8A2D-FE32F2E9578B}.Release|Any CPU.ActiveCfg = Release|Any CPU
		{78496A68-2662-4D5B-8A2D-FE32F2E9578B}.Release|Any CPU.Build.0 = Release|Any CPU
		{5EA5CE15-A8AC-46EB-89C9-7495B4A5255F}.Debug|Any CPU.ActiveCfg = Debug|Any CPU
		{5EA5CE15-A8AC-46EB-89C9-7495B4A5255F}.Debug|Any CPU.Build.0 = Debug|Any CPU
		{5EA5CE15-A8AC-46EB-89C9-7495B4A5255F}.Release|Any CPU.ActiveCfg = Release|Any CPU
		{5EA5CE15-A8AC-46EB-89C9-7495B4A5255F}.Release|Any CPU.Build.0 = Release|Any CPU
		{25ECCF48-451E-47E7-A6A7-701F1A321FB8}.Debug|Any CPU.ActiveCfg = Debug|Any CPU
		{25ECCF48-451E-47E7-A6A7-701F1A321FB8}.Debug|Any CPU.Build.0 = Debug|Any CPU
		{25ECCF48-451E-47E7-A6A7-701F1A321FB8}.Release|Any CPU.ActiveCfg = Release|Any CPU
		{25ECCF48-451E-47E7-A6A7-701F1A321FB8}.Release|Any CPU.Build.0 = Release|Any CPU
		{57DF02BC-A210-49F0-829B-0C4353066EAA}.Debug|Any CPU.ActiveCfg = Debug|Any CPU
		{57DF02BC-A210-49F0-829B-0C4353066EAA}.Debug|Any CPU.Build.0 = Debug|Any CPU
		{57DF02BC-A210-49F0-829B-0C4353066EAA}.Release|Any CPU.ActiveCfg = Release|Any CPU
		{57DF02BC-A210-49F0-829B-0C4353066EAA}.Release|Any CPU.Build.0 = Release|Any CPU
		{26B1D652-2F71-4C35-A157-E9E1F2506784}.Debug|Any CPU.ActiveCfg = Debug|Any CPU
		{26B1D652-2F71-4C35-A157-E9E1F2506784}.Debug|Any CPU.Build.0 = Debug|Any CPU
		{26B1D652-2F71-4C35-A157-E9E1F2506784}.Release|Any CPU.ActiveCfg = Release|Any CPU
		{26B1D652-2F71-4C35-A157-E9E1F2506784}.Release|Any CPU.Build.0 = Release|Any CPU
		{178F25BB-01FA-4ABC-BD92-26678450EE10}.Debug|Any CPU.ActiveCfg = Debug|Any CPU
		{178F25BB-01FA-4ABC-BD92-26678450EE10}.Debug|Any CPU.Build.0 = Debug|Any CPU
		{178F25BB-01FA-4ABC-BD92-26678450EE10}.Release|Any CPU.ActiveCfg = Release|Any CPU
		{178F25BB-01FA-4ABC-BD92-26678450EE10}.Release|Any CPU.Build.0 = Release|Any CPU
		{BAAB14B2-65B3-48C4-A69B-9B66011D9D66}.Debug|Any CPU.ActiveCfg = Debug|Any CPU
		{BAAB14B2-65B3-48C4-A69B-9B66011D9D66}.Debug|Any CPU.Build.0 = Debug|Any CPU
		{BAAB14B2-65B3-48C4-A69B-9B66011D9D66}.Release|Any CPU.ActiveCfg = Release|Any CPU
		{BAAB14B2-65B3-48C4-A69B-9B66011D9D66}.Release|Any CPU.Build.0 = Release|Any CPU
		{D2D38EC6-E40A-458E-8DAC-F9FA03486FA6}.Debug|Any CPU.ActiveCfg = Debug|Any CPU
		{D2D38EC6-E40A-458E-8DAC-F9FA03486FA6}.Debug|Any CPU.Build.0 = Debug|Any CPU
		{D2D38EC6-E40A-458E-8DAC-F9FA03486FA6}.Release|Any CPU.ActiveCfg = Release|Any CPU
		{D2D38EC6-E40A-458E-8DAC-F9FA03486FA6}.Release|Any CPU.Build.0 = Release|Any CPU
	EndGlobalSection
	GlobalSection(SolutionProperties) = preSolution
		HideSolutionNode = FALSE
	EndGlobalSection
	GlobalSection(NestedProjects) = preSolution
		{B13F027D-5087-4799-983E-B471CBB0C821} = {7FBB1904-2092-40AE-873D-84BF37AB9483}
		{5B4605FF-938C-4EC2-BDD7-B8FAB1E642B2} = {7FBB1904-2092-40AE-873D-84BF37AB9483}
		{78496A68-2662-4D5B-8A2D-FE32F2E9578B} = {AEAB60A3-9EE0-4CE2-873D-7BBE19D53F2B}
		{5EA5CE15-A8AC-46EB-89C9-7495B4A5255F} = {8268E5E9-854E-42BB-AB64-E803D6B6F182}
		{25ECCF48-451E-47E7-A6A7-701F1A321FB8} = {8268E5E9-854E-42BB-AB64-E803D6B6F182}
		{57DF02BC-A210-49F0-829B-0C4353066EAA} = {F3E5D052-2364-4D6A-AC29-C6F52ED55178}
		{26B1D652-2F71-4C35-A157-E9E1F2506784} = {F3E5D052-2364-4D6A-AC29-C6F52ED55178}
		{178F25BB-01FA-4ABC-BD92-26678450EE10} = {F3E5D052-2364-4D6A-AC29-C6F52ED55178}
		{BAAB14B2-65B3-48C4-A69B-9B66011D9D66} = {15B0ACDD-43C2-4374-A586-691DB1D79047}
		{D2D38EC6-E40A-458E-8DAC-F9FA03486FA6} = {02EA681E-C7D8-13C7-8484-4AC65E1B71E8}
	EndGlobalSection
	GlobalSection(ExtensibilityGlobals) = postSolution
		SolutionGuid = {2907C626-68EA-4751-9AB9-54EDAD5E1A5C}
	EndGlobalSection
EndGlobal
